
Microsoft Visual Studio Solution File, Format Version 12.00
# Visual Studio Version 17
VisualStudioVersion = 17.2.32526.322
MinimumVisualStudioVersion = 10.0.40219.1
Project("{FAE04EC0-301F-11D3-BF4B-00C04F79EFBC}") = "StacksAndQueuesPractice", "StacksAndQueuesPractice\StacksAndQueuesPractice.csproj", "{C0556F8B-BD97-4D59-9771-4FE07A4C5BE2}"
EndProject
Global
	GlobalSection(SolutionConfigurationPlatforms) = preSolution
		Debug|Any CPU = Debug|Any CPU
		Release|Any CPU = Release|Any CPU
	EndGlobalSection
	GlobalSection(ProjectConfigurationPlatforms) = postSolution
		{C0556F8B-BD97-4D59-9771-4FE07A4C5BE2}.Debug|Any CPU.ActiveCfg = Debug|Any CPU
		{C0556F8B-BD97-4D59-9771-4FE07A4C5BE2}.Debug|Any CPU.Build.0 = Debug|Any CPU
		{C0556F8B-BD97-4D59-9771-4FE07A4C5BE2}.Release|Any CPU.ActiveCfg = Release|Any CPU
		{C0556F8B-BD97-4D59-9771-4FE07A4C5BE2}.Release|Any CPU.Build.0 = Release|Any CPU
	EndGlobalSection
	GlobalSection(SolutionProperties) = preSolution
		HideSolutionNode = FALSE
	EndGlobalSection
	GlobalSection(ExtensibilityGlobals) = postSolution
		SolutionGuid = {B0D11A53-8D36-45FB-9BFB-748DDAE4A877}
	EndGlobalSection
EndGlobal
